
Microsoft Visual Studio Solution File, Format Version 12.00
# Visual Studio Version 17
VisualStudioVersion = 17.7.34031.279
MinimumVisualStudioVersion = 10.0.40219.1
Project("{FAE04EC0-301F-11D3-BF4B-00C04F79EFBC}") = "StudentData", "StudentData.csproj", "{E82C350A-1624-46F5-804A-2E59E8A34D42}"
EndProject
Global
	GlobalSection(SolutionConfigurationPlatforms) = preSolution
		Debug|Any CPU = Debug|Any CPU
		Release|Any CPU = Release|Any CPU
	EndGlobalSection
	GlobalSection(ProjectConfigurationPlatforms) = postSolution
		{E82C350A-1624-46F5-804A-2E59E8A34D42}.Debug|Any CPU.ActiveCfg = Debug|Any CPU
		{E82C350A-1624-46F5-804A-2E59E8A34D42}.Debug|Any CPU.Build.0 = Debug|Any CPU
		{E82C350A-1624-46F5-804A-2E59E8A34D42}.Release|Any CPU.ActiveCfg = Release|Any CPU
		{E82C350A-1624-46F5-804A-2E59E8A34D42}.Release|Any CPU.Build.0 = Release|Any CPU
	EndGlobalSection
	GlobalSection(SolutionProperties) = preSolution
		HideSolutionNode = FALSE
	EndGlobalSection
	GlobalSection(ExtensibilityGlobals) = postSolution
		SolutionGuid = {0A6A8547-3C18-4A27-9EAE-71779DBB266D}
	EndGlobalSection
EndGlobal
